
Microsoft Visual Studio Solution File, Format Version 12.00
# Visual Studio Version 17
VisualStudioVersion = 17.5.33516.290
MinimumVisualStudioVersion = 10.0.40219.1
Project("{9A19103F-16F7-4668-BE54-9A1E7A4F7556}") = "API", "API\API.csproj", "{12925458-559F-4CA4-AC69-4128180B1D47}"
EndProject
Project("{9A19103F-16F7-4668-BE54-9A1E7A4F7556}") = "Domain", "Domain\Domain.csproj", "{68069D40-CC10-4268-9A82-FA9F086101A8}"
EndProject
Project("{9A19103F-16F7-4668-BE54-9A1E7A4F7556}") = "Persistence", "Persistence\Persistence.csproj", "{4F93C353-D5B8-4911-AADD-03FF3FFD565A}"
EndProject
Project("{9A19103F-16F7-4668-BE54-9A1E7A4F7556}") = "Application", "Application\Application.csproj", "{7D203B95-3D6C-4042-929B-62E91AF3B0B7}"
EndProject
Project("{FAE04EC0-301F-11D3-BF4B-00C04F79EFBC}") = "WorkForceNavigator.Tests", "WorkForceNavigator.Tests\WorkForceNavigator.Tests.csproj", "{3344DADF-B5BA-4B98-8F99-24C210D77B12}"
EndProject
Global
	GlobalSection(SolutionConfigurationPlatforms) = preSolution
		Debug|Any CPU = Debug|Any CPU
		Release|Any CPU = Release|Any CPU
	EndGlobalSection
	GlobalSection(ProjectConfigurationPlatforms) = postSolution
		{12925458-559F-4CA4-AC69-4128180B1D47}.Debug|Any CPU.ActiveCfg = Debug|Any CPU
		{12925458-559F-4CA4-AC69-4128180B1D47}.Debug|Any CPU.Build.0 = Debug|Any CPU
		{12925458-559F-4CA4-AC69-4128180B1D47}.Release|Any CPU.ActiveCfg = Release|Any CPU
		{12925458-559F-4CA4-AC69-4128180B1D47}.Release|Any CPU.Build.0 = Release|Any CPU
		{68069D40-CC10-4268-9A82-FA9F086101A8}.Debug|Any CPU.ActiveCfg = Debug|Any CPU
		{68069D40-CC10-4268-9A82-FA9F086101A8}.Debug|Any CPU.Build.0 = Debug|Any CPU
		{68069D40-CC10-4268-9A82-FA9F086101A8}.Release|Any CPU.ActiveCfg = Release|Any CPU
		{68069D40-CC10-4268-9A82-FA9F086101A8}.Release|Any CPU.Build.0 = Release|Any CPU
		{4F93C353-D5B8-4911-AADD-03FF3FFD565A}.Debug|Any CPU.ActiveCfg = Debug|Any CPU
		{4F93C353-D5B8-4911-AADD-03FF3FFD565A}.Debug|Any CPU.Build.0 = Debug|Any CPU
		{4F93C353-D5B8-4911-AADD-03FF3FFD565A}.Release|Any CPU.ActiveCfg = Release|Any CPU
		{4F93C353-D5B8-4911-AADD-03FF3FFD565A}.Release|Any CPU.Build.0 = Release|Any CPU
		{7D203B95-3D6C-4042-929B-62E91AF3B0B7}.Debug|Any CPU.ActiveCfg = Debug|Any CPU
		{7D203B95-3D6C-4042-929B-62E91AF3B0B7}.Debug|Any CPU.Build.0 = Debug|Any CPU
		{7D203B95-3D6C-4042-929B-62E91AF3B0B7}.Release|Any CPU.ActiveCfg = Release|Any CPU
		{7D203B95-3D6C-4042-929B-62E91AF3B0B7}.Release|Any CPU.Build.0 = Release|Any CPU
		{3344DADF-B5BA-4B98-8F99-24C210D77B12}.Debug|Any CPU.ActiveCfg = Debug|Any CPU
		{3344DADF-B5BA-4B98-8F99-24C210D77B12}.Debug|Any CPU.Build.0 = Debug|Any CPU
		{3344DADF-B5BA-4B98-8F99-24C210D77B12}.Release|Any CPU.ActiveCfg = Release|Any CPU
		{3344DADF-B5BA-4B98-8F99-24C210D77B12}.Release|Any CPU.Build.0 = Release|Any CPU
	EndGlobalSection
	GlobalSection(SolutionProperties) = preSolution
		HideSolutionNode = FALSE
	EndGlobalSection
	GlobalSection(ExtensibilityGlobals) = postSolution
		SolutionGuid = {A4582DBD-1C23-447A-B5EB-F77BFF33A355}
	EndGlobalSection
EndGlobal
